
Microsoft Visual Studio Solution File, Format Version 12.00
# Visual Studio Version 17
VisualStudioVersion = 17.0.31919.166
MinimumVisualStudioVersion = 10.0.40219.1
Project("{9A19103F-16F7-4668-BE54-9A1E7A4F7556}") = "Collections.Common", "Collections.Common\Collections.Common.csproj", "{E9A10D13-5B65-420F-A187-E7C951F8DFEA}"
EndProject
Project("{9A19103F-16F7-4668-BE54-9A1E7A4F7556}") = "Collections.ObservableList", "Collections.ObservableList\Collections.ObservableList.csproj", "{CEEBF0D7-18EC-4D30-8CB0-0CB8302A36DB}"
EndProject
Project("{9A19103F-16F7-4668-BE54-9A1E7A4F7556}") = "Collections.ObservableList.Tests", "Collections.ObservableList.Tests\Collections.ObservableList.Tests.csproj", "{D5204219-314F-409F-A785-9251152DC024}"
EndProject
Project("{9A19103F-16F7-4668-BE54-9A1E7A4F7556}") = "Collections.Grid", "Collections.Grid\Collections.Grid.csproj", "{86F6BCFB-2E94-4339-A35A-0BC10EBC0C4F}"
EndProject
Project("{9A19103F-16F7-4668-BE54-9A1E7A4F7556}") = "Collections.Grid.Tests", "Collections.Grid.Tests\Collections.Grid.Tests.csproj", "{963A3EFE-DB89-4353-B5F5-202D1A0C83BA}"
EndProject
Project("{9A19103F-16F7-4668-BE54-9A1E7A4F7556}") = "Collections.Inventory", "Collections.Inventory\Collections.Inventory.csproj", "{FC5C048B-00AC-4342-B18C-4AC59D2EECF1}"
EndProject
Project("{9A19103F-16F7-4668-BE54-9A1E7A4F7556}") = "Collections.Inventory.Tests", "Collections.Inventory.Tests\Collections.Inventory.Tests.csproj", "{559909CB-4277-46BA-885D-DAF722239D09}"
EndProject
Project("{9A19103F-16F7-4668-BE54-9A1E7A4F7556}") = "Collections.ObservableDictionary", "Collections.ObservableDictionary\Collections.ObservableDictionary.csproj", "{3DE4CD90-DA81-4F63-9A2F-8612379F37FD}"
EndProject
Project("{9A19103F-16F7-4668-BE54-9A1E7A4F7556}") = "Collections.ObservableDictionary.Tests", "Collections.ObservableDictionary.Tests\Collections.ObservableDictionary.Tests.csproj", "{51B4125D-58E6-4B10-8DCD-91EC94E830D0}"
EndProject
Project("{9A19103F-16F7-4668-BE54-9A1E7A4F7556}") = "Collections.Caching", "Collections.Caching\Collections.Caching.csproj", "{39B9394F-EB16-46AE-93E9-9D1388CBC861}"
EndProject
Project("{9A19103F-16F7-4668-BE54-9A1E7A4F7556}") = "Collections.Caching.Tests", "Collections.Caching.Tests\Collections.Caching.Tests.csproj", "{3D331097-C9DB-451A-B548-390FE994018E}"
EndProject
Project("{9A19103F-16F7-4668-BE54-9A1E7A4F7556}") = "Collections.ObservableStack", "Collections.ObservableStack\Collections.ObservableStack.csproj", "{FBD19C9D-5F26-4166-926B-5BE756184A6F}"
EndProject
Project("{9A19103F-16F7-4668-BE54-9A1E7A4F7556}") = "Collections.ObservableStack.Tests", "Collections.ObservableStack.Tests\Collections.ObservableStack.Tests.csproj", "{C60A1D04-6E52-41C0-A135-7819A7A47507}"
EndProject
Global
	GlobalSection(SolutionConfigurationPlatforms) = preSolution
		Debug|Any CPU = Debug|Any CPU
		Release|Any CPU = Release|Any CPU
	EndGlobalSection
	GlobalSection(ProjectConfigurationPlatforms) = postSolution
		{E9A10D13-5B65-420F-A187-E7C951F8DFEA}.Debug|Any CPU.ActiveCfg = Debug|Any CPU
		{E9A10D13-5B65-420F-A187-E7C951F8DFEA}.Debug|Any CPU.Build.0 = Debug|Any CPU
		{E9A10D13-5B65-420F-A187-E7C951F8DFEA}.Release|Any CPU.ActiveCfg = Release|Any CPU
		{E9A10D13-5B65-420F-A187-E7C951F8DFEA}.Release|Any CPU.Build.0 = Release|Any CPU
		{CEEBF0D7-18EC-4D30-8CB0-0CB8302A36DB}.Debug|Any CPU.ActiveCfg = Debug|Any CPU
		{CEEBF0D7-18EC-4D30-8CB0-0CB8302A36DB}.Debug|Any CPU.Build.0 = Debug|Any CPU
		{CEEBF0D7-18EC-4D30-8CB0-0CB8302A36DB}.Release|Any CPU.ActiveCfg = Release|Any CPU
		{CEEBF0D7-18EC-4D30-8CB0-0CB8302A36DB}.Release|Any CPU.Build.0 = Release|Any CPU
		{D5204219-314F-409F-A785-9251152DC024}.Debug|Any CPU.ActiveCfg = Debug|Any CPU
		{D5204219-314F-409F-A785-9251152DC024}.Debug|Any CPU.Build.0 = Debug|Any CPU
		{D5204219-314F-409F-A785-9251152DC024}.Release|Any CPU.ActiveCfg = Release|Any CPU
		{D5204219-314F-409F-A785-9251152DC024}.Release|Any CPU.Build.0 = Release|Any CPU
		{86F6BCFB-2E94-4339-A35A-0BC10EBC0C4F}.Debug|Any CPU.ActiveCfg = Debug|Any CPU
		{86F6BCFB-2E94-4339-A35A-0BC10EBC0C4F}.Debug|Any CPU.Build.0 = Debug|Any CPU
		{86F6BCFB-2E94-4339-A35A-0BC10EBC0C4F}.Release|Any CPU.ActiveCfg = Release|Any CPU
		{86F6BCFB-2E94-4339-A35A-0BC10EBC0C4F}.Release|Any CPU.Build.0 = Release|Any CPU
		{963A3EFE-DB89-4353-B5F5-202D1A0C83BA}.Debug|Any CPU.ActiveCfg = Debug|Any CPU
		{963A3EFE-DB89-4353-B5F5-202D1A0C83BA}.Debug|Any CPU.Build.0 = Debug|Any CPU
		{963A3EFE-DB89-4353-B5F5-202D1A0C83BA}.Release|Any CPU.ActiveCfg = Release|Any CPU
		{963A3EFE-DB89-4353-B5F5-202D1A0C83BA}.Release|Any CPU.Build.0 = Release|Any CPU
		{FC5C048B-00AC-4342-B18C-4AC59D2EECF1}.Debug|Any CPU.ActiveCfg = Debug|Any CPU
		{FC5C048B-00AC-4342-B18C-4AC59D2EECF1}.Debug|Any CPU.Build.0 = Debug|Any CPU
		{FC5C048B-00AC-4342-B18C-4AC59D2EECF1}.Release|Any CPU.ActiveCfg = Release|Any CPU
		{FC5C048B-00AC-4342-B18C-4AC59D2EECF1}.Release|Any CPU.Build.0 = Release|Any CPU
		{559909CB-4277-46BA-885D-DAF722239D09}.Debug|Any CPU.ActiveCfg = Debug|Any CPU
		{559909CB-4277-46BA-885D-DAF722239D09}.Debug|Any CPU.Build.0 = Debug|Any CPU
		{559909CB-4277-46BA-885D-DAF722239D09}.Release|Any CPU.ActiveCfg = Release|Any CPU
		{559909CB-4277-46BA-885D-DAF722239D09}.Release|Any CPU.Build.0 = Release|Any CPU
		{3DE4CD90-DA81-4F63-9A2F-8612379F37FD}.Debug|Any CPU.ActiveCfg = Debug|Any CPU
		{3DE4CD90-DA81-4F63-9A2F-8612379F37FD}.Debug|Any CPU.Build.0 = Debug|Any CPU
		{3DE4CD90-DA81-4F63-9A2F-8612379F37FD}.Release|Any CPU.ActiveCfg = Release|Any CPU
		{3DE4CD90-DA81-4F63-9A2F-8612379F37FD}.Release|Any CPU.Build.0 = Release|Any CPU
		{51B4125D-58E6-4B10-8DCD-91EC94E830D0}.Debug|Any CPU.ActiveCfg = Debug|Any CPU
		{51B4125D-58E6-4B10-8DCD-91EC94E830D0}.Debug|Any CPU.Build.0 = Debug|Any CPU
		{51B4125D-58E6-4B10-8DCD-91EC94E830D0}.Release|Any CPU.ActiveCfg = Release|Any CPU
		{51B4125D-58E6-4B10-8DCD-91EC94E830D0}.Release|Any CPU.Build.0 = Release|Any CPU
		{39B9394F-EB16-46AE-93E9-9D1388CBC861}.Debug|Any CPU.ActiveCfg = Debug|Any CPU
		{39B9394F-EB16-46AE-93E9-9D1388CBC861}.Debug|Any CPU.Build.0 = Debug|Any CPU
		{39B9394F-EB16-46AE-93E9-9D1388CBC861}.Release|Any CPU.ActiveCfg = Release|Any CPU
		{39B9394F-EB16-46AE-93E9-9D1388CBC861}.Release|Any CPU.Build.0 = Release|Any CPU
		{3D331097-C9DB-451A-B548-390FE994018E}.Debug|Any CPU.ActiveCfg = Debug|Any CPU
		{3D331097-C9DB-451A-B548-390FE994018E}.Debug|Any CPU.Build.0 = Debug|Any CPU
		{3D331097-C9DB-451A-B548-390FE994018E}.Release|Any CPU.ActiveCfg = Release|Any CPU
		{3D331097-C9DB-451A-B548-390FE994018E}.Release|Any CPU.Build.0 = Release|Any CPU
		{FBD19C9D-5F26-4166-926B-5BE756184A6F}.Debug|Any CPU.ActiveCfg = Debug|Any CPU
		{FBD19C9D-5F26-4166-926B-5BE756184A6F}.Debug|Any CPU.Build.0 = Debug|Any CPU
		{FBD19C9D-5F26-4166-926B-5BE756184A6F}.Release|Any CPU.ActiveCfg = Release|Any CPU
		{FBD19C9D-5F26-4166-926B-5BE756184A6F}.Release|Any CPU.Build.0 = Release|Any CPU
		{C60A1D04-6E52-41C0-A135-7819A7A47507}.Debug|Any CPU.ActiveCfg = Debug|Any CPU
		{C60A1D04-6E52-41C0-A135-7819A7A47507}.Debug|Any CPU.Build.0 = Debug|Any CPU
		{C60A1D04-6E52-41C0-A135-7819A7A47507}.Release|Any CPU.ActiveCfg = Release|Any CPU
		{C60A1D04-6E52-41C0-A135-7819A7A47507}.Release|Any CPU.Build.0 = Release|Any CPU
	EndGlobalSection
	GlobalSection(SolutionProperties) = preSolution
		HideSolutionNode = FALSE
	EndGlobalSection
	GlobalSection(ExtensibilityGlobals) = postSolution
		SolutionGuid = {BE4A3C75-B195-4DDE-90C9-A56654DA6AF2}
	EndGlobalSection
EndGlobal
